// !$*UTF8*$!
{
	archiveVersion = 1;
	classes = {
	};
	objectVersion = 46;
	objects = {

/* Begin PBXBuildFile section */
		7E7361B71B2A4B36007BD5EF /* MprHttp.h in Headers */ = {isa = PBXBuildFile; fileRef = 7E7361B61B2A4B36007BD5EF /* MprHttp.h */; settings = {ATTRIBUTES = (Public, ); }; };
		7E7361BD1B2A4B36007BD5EF /* MprHttp.framework in Frameworks */ = {isa = PBXBuildFile; fileRef = 7E7361B11B2A4B36007BD5EF /* MprHttp.framework */; };
		7E7361C41B2A4B36007BD5EF /* MprHttpTests.swift in Sources */ = {isa = PBXBuildFile; fileRef = 7E7361C31B2A4B36007BD5EF /* MprHttpTests.swift */; };
		7E7361D81B2A4BB8007BD5EF /* TegDownloaderAsync.swift in Sources */ = {isa = PBXBuildFile; fileRef = 7E7361CD1B2A4BB8007BD5EF /* TegDownloaderAsync.swift */; };
		7E7361D91B2A4BB8007BD5EF /* TegDownloaderMainQueue.swift in Sources */ = {isa = PBXBuildFile; fileRef = 7E7361CE1B2A4BB8007BD5EF /* TegDownloaderMainQueue.swift */; };
		7E7361DA1B2A4BB8007BD5EF /* TegHttpErrors.swift in Sources */ = {isa = PBXBuildFile; fileRef = 7E7361CF1B2A4BB8007BD5EF /* TegHttpErrors.swift */; };
		7E7361DB1B2A4BB8007BD5EF /* TegDownloaderSession.swift in Sources */ = {isa = PBXBuildFile; fileRef = 7E7361D01B2A4BB8007BD5EF /* TegDownloaderSession.swift */; };
		7E7361DC1B2A4BB8007BD5EF /* TegHttpContentType.swift in Sources */ = {isa = PBXBuildFile; fileRef = 7E7361D11B2A4BB8007BD5EF /* TegHttpContentType.swift */; };
		7E7361DD1B2A4BB8007BD5EF /* TegHttpHeader.swift in Sources */ = {isa = PBXBuildFile; fileRef = 7E7361D21B2A4BB8007BD5EF /* TegHttpHeader.swift */; };
		7E7361DE1B2A4BB8007BD5EF /* TegHttpMethod.swift in Sources */ = {isa = PBXBuildFile; fileRef = 7E7361D31B2A4BB8007BD5EF /* TegHttpMethod.swift */; };
		7E7361DF1B2A4BB8007BD5EF /* TegHttpRequestIdentity.swift in Sources */ = {isa = PBXBuildFile; fileRef = 7E7361D41B2A4BB8007BD5EF /* TegHttpRequestIdentity.swift */; };
		7E7361E01B2A4BB8007BD5EF /* TegHttpSensitiveText.swift in Sources */ = {isa = PBXBuildFile; fileRef = 7E7361D51B2A4BB8007BD5EF /* TegHttpSensitiveText.swift */; };
		7E7361E11B2A4BB8007BD5EF /* TegHttpText.swift in Sources */ = {isa = PBXBuildFile; fileRef = 7E7361D61B2A4BB8007BD5EF /* TegHttpText.swift */; };
		7E7361E21B2A4BB8007BD5EF /* TegMockedNSUrlSessionDataTask.swift in Sources */ = {isa = PBXBuildFile; fileRef = 7E7361D71B2A4BB8007BD5EF /* TegMockedNSUrlSessionDataTask.swift */; };
		7E7361E81B2A4BE6007BD5EF /* TegQ.swift in Sources */ = {isa = PBXBuildFile; fileRef = 7E7361E41B2A4BD1007BD5EF /* TegQ.swift */; };
		7E7361E91B2A4BF4007BD5EF /* TegString.swift in Sources */ = {isa = PBXBuildFile; fileRef = 7E7361E51B2A4BD1007BD5EF /* TegString.swift */; };
		7EA61BEB1B2A80A5005395C7 /* TegHttpTextTests.swift in Sources */ = {isa = PBXBuildFile; fileRef = 7EA61BEA1B2A80A5005395C7 /* TegHttpTextTests.swift */; };
		7EA61BEE1B2A8100005395C7 /* StubHttp.swift in Sources */ = {isa = PBXBuildFile; fileRef = 7EA61BED1B2A8100005395C7 /* StubHttp.swift */; };
		7EA61BF11B2A8195005395C7 /* OHHTTPStubs.framework in Frameworks */ = {isa = PBXBuildFile; fileRef = 7EA61BF01B2A8195005395C7 /* OHHTTPStubs.framework */; };
		7EA61BF21B2A81D3005395C7 /* TegString.swift in Sources */ = {isa = PBXBuildFile; fileRef = 7E7361E51B2A4BD1007BD5EF /* TegString.swift */; };
		7EA61BF41B2A8247005395C7 /* OHHTTPStubs.framework in CopyFiles */ = {isa = PBXBuildFile; fileRef = 7EA61BF01B2A8195005395C7 /* OHHTTPStubs.framework */; settings = {ATTRIBUTES = (CodeSignOnCopy, RemoveHeadersOnCopy, ); }; };
		7EA61BF61B2A82E2005395C7 /* TegHttpSensitiveTextTests.swift in Sources */ = {isa = PBXBuildFile; fileRef = 7EA61BF51B2A82E2005395C7 /* TegHttpSensitiveTextTests.swift */; };
/* End PBXBuildFile section */

/* Begin PBXContainerItemProxy section */
		7E7361BE1B2A4B36007BD5EF /* PBXContainerItemProxy */ = {
			isa = PBXContainerItemProxy;
			containerPortal = 7E7361A81B2A4B36007BD5EF /* Project object */;
			proxyType = 1;
			remoteGlobalIDString = 7E7361B01B2A4B36007BD5EF;
			remoteInfo = MprHttp;
		};
/* End PBXContainerItemProxy section */

/* Begin PBXCopyFilesBuildPhase section */
		7EA61BF31B2A823F005395C7 /* CopyFiles */ = {
			isa = PBXCopyFilesBuildPhase;
			buildActionMask = 2147483647;
			dstPath = "";
			dstSubfolderSpec = 10;
			files = (
				7EA61BF41B2A8247005395C7 /* OHHTTPStubs.framework in CopyFiles */,
			);
			runOnlyForDeploymentPostprocessing = 0;
		};
/* End PBXCopyFilesBuildPhase section */

/* Begin PBXFileReference section */
		7E7361B11B2A4B36007BD5EF /* MprHttp.framework */ = {isa = PBXFileReference; explicitFileType = wrapper.framework; includeInIndex = 0; path = MprHttp.framework; sourceTree = BUILT_PRODUCTS_DIR; };
		7E7361B51B2A4B36007BD5EF /* Info.plist */ = {isa = PBXFileReference; lastKnownFileType = text.plist.xml; path = Info.plist; sourceTree = "<group>"; };
		7E7361B61B2A4B36007BD5EF /* MprHttp.h */ = {isa = PBXFileReference; lastKnownFileType = sourcecode.c.h; path = MprHttp.h; sourceTree = "<group>"; };
		7E7361BC1B2A4B36007BD5EF /* MprHttpTests.xctest */ = {isa = PBXFileReference; explicitFileType = wrapper.cfbundle; includeInIndex = 0; path = MprHttpTests.xctest; sourceTree = BUILT_PRODUCTS_DIR; };
		7E7361C21B2A4B36007BD5EF /* Info.plist */ = {isa = PBXFileReference; lastKnownFileType = text.plist.xml; path = Info.plist; sourceTree = "<group>"; };
		7E7361C31B2A4B36007BD5EF /* MprHttpTests.swift */ = {isa = PBXFileReference; lastKnownFileType = sourcecode.swift; path = MprHttpTests.swift; sourceTree = "<group>"; };
		7E7361CD1B2A4BB8007BD5EF /* TegDownloaderAsync.swift */ = {isa = PBXFileReference; fileEncoding = 4; lastKnownFileType = sourcecode.swift; path = TegDownloaderAsync.swift; sourceTree = "<group>"; };
		7E7361CE1B2A4BB8007BD5EF /* TegDownloaderMainQueue.swift */ = {isa = PBXFileReference; fileEncoding = 4; lastKnownFileType = sourcecode.swift; path = TegDownloaderMainQueue.swift; sourceTree = "<group>"; };
		7E7361CF1B2A4BB8007BD5EF /* TegHttpErrors.swift */ = {isa = PBXFileReference; fileEncoding = 4; lastKnownFileType = sourcecode.swift; path = TegHttpErrors.swift; sourceTree = "<group>"; };
		7E7361D01B2A4BB8007BD5EF /* TegDownloaderSession.swift */ = {isa = PBXFileReference; fileEncoding = 4; lastKnownFileType = sourcecode.swift; path = TegDownloaderSession.swift; sourceTree = "<group>"; };
		7E7361D11B2A4BB8007BD5EF /* TegHttpContentType.swift */ = {isa = PBXFileReference; fileEncoding = 4; lastKnownFileType = sourcecode.swift; path = TegHttpContentType.swift; sourceTree = "<group>"; };
		7E7361D21B2A4BB8007BD5EF /* TegHttpHeader.swift */ = {isa = PBXFileReference; fileEncoding = 4; lastKnownFileType = sourcecode.swift; path = TegHttpHeader.swift; sourceTree = "<group>"; };
		7E7361D31B2A4BB8007BD5EF /* TegHttpMethod.swift */ = {isa = PBXFileReference; fileEncoding = 4; lastKnownFileType = sourcecode.swift; path = TegHttpMethod.swift; sourceTree = "<group>"; };
		7E7361D41B2A4BB8007BD5EF /* TegHttpRequestIdentity.swift */ = {isa = PBXFileReference; fileEncoding = 4; lastKnownFileType = sourcecode.swift; path = TegHttpRequestIdentity.swift; sourceTree = "<group>"; };
		7E7361D51B2A4BB8007BD5EF /* TegHttpSensitiveText.swift */ = {isa = PBXFileReference; fileEncoding = 4; lastKnownFileType = sourcecode.swift; path = TegHttpSensitiveText.swift; sourceTree = "<group>"; };
		7E7361D61B2A4BB8007BD5EF /* TegHttpText.swift */ = {isa = PBXFileReference; fileEncoding = 4; lastKnownFileType = sourcecode.swift; path = TegHttpText.swift; sourceTree = "<group>"; };
		7E7361D71B2A4BB8007BD5EF /* TegMockedNSUrlSessionDataTask.swift */ = {isa = PBXFileReference; fileEncoding = 4; lastKnownFileType = sourcecode.swift; path = TegMockedNSUrlSessionDataTask.swift; sourceTree = "<group>"; };
		7E7361E41B2A4BD1007BD5EF /* TegQ.swift */ = {isa = PBXFileReference; fileEncoding = 4; lastKnownFileType = sourcecode.swift; path = TegQ.swift; sourceTree = "<group>"; };
		7E7361E51B2A4BD1007BD5EF /* TegString.swift */ = {isa = PBXFileReference; fileEncoding = 4; lastKnownFileType = sourcecode.swift; path = TegString.swift; sourceTree = "<group>"; };
		7EA61BEA1B2A80A5005395C7 /* TegHttpTextTests.swift */ = {isa = PBXFileReference; fileEncoding = 4; lastKnownFileType = sourcecode.swift; path = TegHttpTextTests.swift; sourceTree = "<group>"; };
		7EA61BED1B2A8100005395C7 /* StubHttp.swift */ = {isa = PBXFileReference; fileEncoding = 4; lastKnownFileType = sourcecode.swift; path = StubHttp.swift; sourceTree = "<group>"; };
		7EA61BF01B2A8195005395C7 /* OHHTTPStubs.framework */ = {isa = PBXFileReference; lastKnownFileType = wrapper.framework; name = OHHTTPStubs.framework; path = Carthage/Build/iOS/OHHTTPStubs.framework; sourceTree = SOURCE_ROOT; };
		7EA61BF51B2A82E2005395C7 /* TegHttpSensitiveTextTests.swift */ = {isa = PBXFileReference; fileEncoding = 4; lastKnownFileType = sourcecode.swift; path = TegHttpSensitiveTextTests.swift; sourceTree = "<group>"; };
/* End PBXFileReference section */

/* Begin PBXFrameworksBuildPhase section */
		7E7361AD1B2A4B36007BD5EF /* Frameworks */ = {
			isa = PBXFrameworksBuildPhase;
			buildActionMask = 2147483647;
			files = (
			);
			runOnlyForDeploymentPostprocessing = 0;
		};
		7E7361B91B2A4B36007BD5EF /* Frameworks */ = {
			isa = PBXFrameworksBuildPhase;
			buildActionMask = 2147483647;
			files = (
				7E7361BD1B2A4B36007BD5EF /* MprHttp.framework in Frameworks */,
				7EA61BF11B2A8195005395C7 /* OHHTTPStubs.framework in Frameworks */,
			);
			runOnlyForDeploymentPostprocessing = 0;
		};
/* End PBXFrameworksBuildPhase section */

/* Begin PBXGroup section */
		7E7361A71B2A4B36007BD5EF = {
			isa = PBXGroup;
			children = (
				7EA61BEF1B2A818D005395C7 /* Frameworks */,
				7E7361B31B2A4B36007BD5EF /* MprHttp */,
				7E7361C01B2A4B36007BD5EF /* MprHttpTests */,
				7E7361B21B2A4B36007BD5EF /* Products */,
			);
			sourceTree = "<group>";
		};
		7E7361B21B2A4B36007BD5EF /* Products */ = {
			isa = PBXGroup;
			children = (
				7E7361B11B2A4B36007BD5EF /* MprHttp.framework */,
				7E7361BC1B2A4B36007BD5EF /* MprHttpTests.xctest */,
			);
			name = Products;
			sourceTree = "<group>";
		};
		7E7361B31B2A4B36007BD5EF /* MprHttp */ = {
			isa = PBXGroup;
			children = (
				7E7361E31B2A4BCB007BD5EF /* TegQ */,
				7E7361CD1B2A4BB8007BD5EF /* TegDownloaderAsync.swift */,
				7E7361CE1B2A4BB8007BD5EF /* TegDownloaderMainQueue.swift */,
				7E7361D01B2A4BB8007BD5EF /* TegDownloaderSession.swift */,
				7E7361D11B2A4BB8007BD5EF /* TegHttpContentType.swift */,
				7E7361CF1B2A4BB8007BD5EF /* TegHttpErrors.swift */,
				7E7361D21B2A4BB8007BD5EF /* TegHttpHeader.swift */,
				7E7361D31B2A4BB8007BD5EF /* TegHttpMethod.swift */,
				7E7361D41B2A4BB8007BD5EF /* TegHttpRequestIdentity.swift */,
				7E7361D51B2A4BB8007BD5EF /* TegHttpSensitiveText.swift */,
				7E7361D61B2A4BB8007BD5EF /* TegHttpText.swift */,
				7E7361D71B2A4BB8007BD5EF /* TegMockedNSUrlSessionDataTask.swift */,
				7E7361B61B2A4B36007BD5EF /* MprHttp.h */,
				7E7361B41B2A4B36007BD5EF /* Supporting Files */,
			);
			path = MprHttp;
			sourceTree = "<group>";
		};
		7E7361B41B2A4B36007BD5EF /* Supporting Files */ = {
			isa = PBXGroup;
			children = (
				7E7361B51B2A4B36007BD5EF /* Info.plist */,
			);
			name = "Supporting Files";
			sourceTree = "<group>";
		};
		7E7361C01B2A4B36007BD5EF /* MprHttpTests */ = {
			isa = PBXGroup;
			children = (
				7EA61BEC1B2A80F8005395C7 /* TestHelpers */,
				7EA61BF51B2A82E2005395C7 /* TegHttpSensitiveTextTests.swift */,
				7EA61BEA1B2A80A5005395C7 /* TegHttpTextTests.swift */,
				7E7361C31B2A4B36007BD5EF /* MprHttpTests.swift */,
				7E7361C11B2A4B36007BD5EF /* Supporting Files */,
			);
			path = MprHttpTests;
			sourceTree = "<group>";
		};
		7E7361C11B2A4B36007BD5EF /* Supporting Files */ = {
			isa = PBXGroup;
			children = (
				7E7361C21B2A4B36007BD5EF /* Info.plist */,
			);
			name = "Supporting Files";
			sourceTree = "<group>";
		};
		7E7361E31B2A4BCB007BD5EF /* TegQ */ = {
			isa = PBXGroup;
			children = (
				7E7361E41B2A4BD1007BD5EF /* TegQ.swift */,
				7E7361E51B2A4BD1007BD5EF /* TegString.swift */,
			);
			path = TegQ;
			sourceTree = "<group>";
		};
		7EA61BEC1B2A80F8005395C7 /* TestHelpers */ = {
			isa = PBXGroup;
			children = (
				7EA61BED1B2A8100005395C7 /* StubHttp.swift */,
			);
			path = TestHelpers;
			sourceTree = "<group>";
		};
		7EA61BEF1B2A818D005395C7 /* Frameworks */ = {
			isa = PBXGroup;
			children = (
				7EA61BF01B2A8195005395C7 /* OHHTTPStubs.framework */,
			);
			path = Frameworks;
			sourceTree = "<group>";
		};
/* End PBXGroup section */

/* Begin PBXHeadersBuildPhase section */
		7E7361AE1B2A4B36007BD5EF /* Headers */ = {
			isa = PBXHeadersBuildPhase;
			buildActionMask = 2147483647;
			files = (
				7E7361B71B2A4B36007BD5EF /* MprHttp.h in Headers */,
			);
			runOnlyForDeploymentPostprocessing = 0;
		};
/* End PBXHeadersBuildPhase section */

/* Begin PBXNativeTarget section */
		7E7361B01B2A4B36007BD5EF /* MprHttp */ = {
			isa = PBXNativeTarget;
			buildConfigurationList = 7E7361C71B2A4B36007BD5EF /* Build configuration list for PBXNativeTarget "MprHttp" */;
			buildPhases = (
				7E7361AC1B2A4B36007BD5EF /* Sources */,
				7E7361AD1B2A4B36007BD5EF /* Frameworks */,
				7E7361AE1B2A4B36007BD5EF /* Headers */,
				7E7361AF1B2A4B36007BD5EF /* Resources */,
			);
			buildRules = (
			);
			dependencies = (
			);
			name = MprHttp;
			productName = MprHttp;
			productReference = 7E7361B11B2A4B36007BD5EF /* MprHttp.framework */;
			productType = "com.apple.product-type.framework";
		};
		7E7361BB1B2A4B36007BD5EF /* MprHttpTests */ = {
			isa = PBXNativeTarget;
			buildConfigurationList = 7E7361CA1B2A4B36007BD5EF /* Build configuration list for PBXNativeTarget "MprHttpTests" */;
			buildPhases = (
				7E7361B81B2A4B36007BD5EF /* Sources */,
				7E7361B91B2A4B36007BD5EF /* Frameworks */,
				7E7361BA1B2A4B36007BD5EF /* Resources */,
				7EA61BF31B2A823F005395C7 /* CopyFiles */,
			);
			buildRules = (
			);
			dependencies = (
				7E7361BF1B2A4B36007BD5EF /* PBXTargetDependency */,
			);
			name = MprHttpTests;
			productName = MprHttpTests;
			productReference = 7E7361BC1B2A4B36007BD5EF /* MprHttpTests.xctest */;
			productType = "com.apple.product-type.bundle.unit-test";
		};
/* End PBXNativeTarget section */

/* Begin PBXProject section */
		7E7361A81B2A4B36007BD5EF /* Project object */ = {
			isa = PBXProject;
			attributes = {
				LastUpgradeCheck = 0640;
				ORGANIZATIONNAME = Marketplacer;
				TargetAttributes = {
					7E7361B01B2A4B36007BD5EF = {
						CreatedOnToolsVersion = 6.4;
					};
					7E7361BB1B2A4B36007BD5EF = {
						CreatedOnToolsVersion = 6.4;
					};
				};
			};
			buildConfigurationList = 7E7361AB1B2A4B36007BD5EF /* Build configuration list for PBXProject "MprHttp" */;
			compatibilityVersion = "Xcode 3.2";
			developmentRegion = English;
			hasScannedForEncodings = 0;
			knownRegions = (
				en,
			);
			mainGroup = 7E7361A71B2A4B36007BD5EF;
			productRefGroup = 7E7361B21B2A4B36007BD5EF /* Products */;
			projectDirPath = "";
			projectRoot = "";
			targets = (
				7E7361B01B2A4B36007BD5EF /* MprHttp */,
				7E7361BB1B2A4B36007BD5EF /* MprHttpTests */,
			);
		};
/* End PBXProject section */

/* Begin PBXResourcesBuildPhase section */
		7E7361AF1B2A4B36007BD5EF /* Resources */ = {
			isa = PBXResourcesBuildPhase;
			buildActionMask = 2147483647;
			files = (
			);
			runOnlyForDeploymentPostprocessing = 0;
		};
		7E7361BA1B2A4B36007BD5EF /* Resources */ = {
			isa = PBXResourcesBuildPhase;
			buildActionMask = 2147483647;
			files = (
			);
			runOnlyForDeploymentPostprocessing = 0;
		};
/* End PBXResourcesBuildPhase section */

/* Begin PBXSourcesBuildPhase section */
		7E7361AC1B2A4B36007BD5EF /* Sources */ = {
			isa = PBXSourcesBuildPhase;
			buildActionMask = 2147483647;
			files = (
				7E7361DB1B2A4BB8007BD5EF /* TegDownloaderSession.swift in Sources */,
				7E7361DE1B2A4BB8007BD5EF /* TegHttpMethod.swift in Sources */,
				7E7361DF1B2A4BB8007BD5EF /* TegHttpRequestIdentity.swift in Sources */,
				7E7361E21B2A4BB8007BD5EF /* TegMockedNSUrlSessionDataTask.swift in Sources */,
				7E7361DC1B2A4BB8007BD5EF /* TegHttpContentType.swift in Sources */,
				7E7361D91B2A4BB8007BD5EF /* TegDownloaderMainQueue.swift in Sources */,
				7E7361DD1B2A4BB8007BD5EF /* TegHttpHeader.swift in Sources */,
				7E7361DA1B2A4BB8007BD5EF /* TegHttpErrors.swift in Sources */,
				7E7361E91B2A4BF4007BD5EF /* TegString.swift in Sources */,
				7E7361E11B2A4BB8007BD5EF /* TegHttpText.swift in Sources */,
				7E7361E81B2A4BE6007BD5EF /* TegQ.swift in Sources */,
				7E7361E01B2A4BB8007BD5EF /* TegHttpSensitiveText.swift in Sources */,
				7E7361D81B2A4BB8007BD5EF /* TegDownloaderAsync.swift in Sources */,
			);
			runOnlyForDeploymentPostprocessing = 0;
		};
		7E7361B81B2A4B36007BD5EF /* Sources */ = {
			isa = PBXSourcesBuildPhase;
			buildActionMask = 2147483647;
			files = (
				7EA61BF61B2A82E2005395C7 /* TegHttpSensitiveTextTests.swift in Sources */,
				7EA61BEB1B2A80A5005395C7 /* TegHttpTextTests.swift in Sources */,
				7EA61BF21B2A81D3005395C7 /* TegString.swift in Sources */,
				7E7361C41B2A4B36007BD5EF /* MprHttpTests.swift in Sources */,
				7EA61BEE1B2A8100005395C7 /* StubHttp.swift in Sources */,
			);
			runOnlyForDeploymentPostprocessing = 0;
		};
/* End PBXSourcesBuildPhase section */

/* Begin PBXTargetDependency section */
		7E7361BF1B2A4B36007BD5EF /* PBXTargetDependency */ = {
			isa = PBXTargetDependency;
			target = 7E7361B01B2A4B36007BD5EF /* MprHttp */;
			targetProxy = 7E7361BE1B2A4B36007BD5EF /* PBXContainerItemProxy */;
		};
/* End PBXTargetDependency section */

/* Begin XCBuildConfiguration section */
		7E7361C51B2A4B36007BD5EF /* Debug */ = {
			isa = XCBuildConfiguration;
			buildSettings = {
				ALWAYS_SEARCH_USER_PATHS = NO;
				CLANG_CXX_LANGUAGE_STANDARD = "gnu++0x";
				CLANG_CXX_LIBRARY = "libc++";
				CLANG_ENABLE_MODULES = YES;
				CLANG_ENABLE_OBJC_ARC = YES;
				CLANG_WARN_BOOL_CONVERSION = YES;
				CLANG_WARN_CONSTANT_CONVERSION = YES;
				CLANG_WARN_DIRECT_OBJC_ISA_USAGE = YES_ERROR;
				CLANG_WARN_EMPTY_BODY = YES;
				CLANG_WARN_ENUM_CONVERSION = YES;
				CLANG_WARN_INT_CONVERSION = YES;
				CLANG_WARN_OBJC_ROOT_CLASS = YES_ERROR;
				CLANG_WARN_UNREACHABLE_CODE = YES;
				CLANG_WARN__DUPLICATE_METHOD_MATCH = YES;
				"CODE_SIGN_IDENTITY[sdk=iphoneos*]" = "iPhone Developer";
				COPY_PHASE_STRIP = NO;
				CURRENT_PROJECT_VERSION = 1;
				DEBUG_INFORMATION_FORMAT = "dwarf-with-dsym";
				ENABLE_STRICT_OBJC_MSGSEND = YES;
				GCC_C_LANGUAGE_STANDARD = gnu99;
				GCC_DYNAMIC_NO_PIC = NO;
				GCC_NO_COMMON_BLOCKS = YES;
				GCC_OPTIMIZATION_LEVEL = 0;
				GCC_PREPROCESSOR_DEFINITIONS = (
					"DEBUG=1",
					"$(inherited)",
				);
				GCC_SYMBOLS_PRIVATE_EXTERN = NO;
				GCC_WARN_64_TO_32_BIT_CONVERSION = YES;
				GCC_WARN_ABOUT_RETURN_TYPE = YES_ERROR;
				GCC_WARN_UNDECLARED_SELECTOR = YES;
				GCC_WARN_UNINITIALIZED_AUTOS = YES_AGGRESSIVE;
				GCC_WARN_UNUSED_FUNCTION = YES;
				GCC_WARN_UNUSED_VARIABLE = YES;
				IPHONEOS_DEPLOYMENT_TARGET = 8.0;
				MTL_ENABLE_DEBUG_INFO = YES;
				ONLY_ACTIVE_ARCH = YES;
				SDKROOT = iphoneos;
				SWIFT_OPTIMIZATION_LEVEL = "-Onone";
				TARGETED_DEVICE_FAMILY = "1,2";
				VERSIONING_SYSTEM = "apple-generic";
				VERSION_INFO_PREFIX = "";
			};
			name = Debug;
		};
		7E7361C61B2A4B36007BD5EF /* Release */ = {
			isa = XCBuildConfiguration;
			buildSettings = {
				ALWAYS_SEARCH_USER_PATHS = NO;
				CLANG_CXX_LANGUAGE_STANDARD = "gnu++0x";
				CLANG_CXX_LIBRARY = "libc++";
				CLANG_ENABLE_MODULES = YES;
				CLANG_ENABLE_OBJC_ARC = YES;
				CLANG_WARN_BOOL_CONVERSION = YES;
				CLANG_WARN_CONSTANT_CONVERSION = YES;
				CLANG_WARN_DIRECT_OBJC_ISA_USAGE = YES_ERROR;
				CLANG_WARN_EMPTY_BODY = YES;
				CLANG_WARN_ENUM_CONVERSION = YES;
				CLANG_WARN_INT_CONVERSION = YES;
				CLANG_WARN_OBJC_ROOT_CLASS = YES_ERROR;
				CLANG_WARN_UNREACHABLE_CODE = YES;
				CLANG_WARN__DUPLICATE_METHOD_MATCH = YES;
				"CODE_SIGN_IDENTITY[sdk=iphoneos*]" = "iPhone Developer";
				COPY_PHASE_STRIP = NO;
				CURRENT_PROJECT_VERSION = 1;
				DEBUG_INFORMATION_FORMAT = "dwarf-with-dsym";
				ENABLE_NS_ASSERTIONS = NO;
				ENABLE_STRICT_OBJC_MSGSEND = YES;
				GCC_C_LANGUAGE_STANDARD = gnu99;
				GCC_NO_COMMON_BLOCKS = YES;
				GCC_WARN_64_TO_32_BIT_CONVERSION = YES;
				GCC_WARN_ABOUT_RETURN_TYPE = YES_ERROR;
				GCC_WARN_UNDECLARED_SELECTOR = YES;
				GCC_WARN_UNINITIALIZED_AUTOS = YES_AGGRESSIVE;
				GCC_WARN_UNUSED_FUNCTION = YES;
				GCC_WARN_UNUSED_VARIABLE = YES;
				IPHONEOS_DEPLOYMENT_TARGET = 8.0;
				MTL_ENABLE_DEBUG_INFO = NO;
				SDKROOT = iphoneos;
				TARGETED_DEVICE_FAMILY = "1,2";
				VALIDATE_PRODUCT = YES;
				VERSIONING_SYSTEM = "apple-generic";
				VERSION_INFO_PREFIX = "";
			};
			name = Release;
		};
		7E7361C81B2A4B36007BD5EF /* Debug */ = {
			isa = XCBuildConfiguration;
			buildSettings = {
				CLANG_ENABLE_MODULES = YES;
				DEFINES_MODULE = YES;
				DYLIB_COMPATIBILITY_VERSION = 1;
				DYLIB_CURRENT_VERSION = 1;
				DYLIB_INSTALL_NAME_BASE = "@rpath";
				INFOPLIST_FILE = MprHttp/Info.plist;
				INSTALL_PATH = "$(LOCAL_LIBRARY_DIR)/Frameworks";
				LD_RUNPATH_SEARCH_PATHS = "$(inherited) @executable_path/Frameworks @loader_path/Frameworks";
				PRODUCT_NAME = "$(TARGET_NAME)";
				SKIP_INSTALL = YES;
				SWIFT_OPTIMIZATION_LEVEL = "-Onone";
			};
			name = Debug;
		};
		7E7361C91B2A4B36007BD5EF /* Release */ = {
			isa = XCBuildConfiguration;
			buildSettings = {
				CLANG_ENABLE_MODULES = YES;
				DEFINES_MODULE = YES;
				DYLIB_COMPATIBILITY_VERSION = 1;
				DYLIB_CURRENT_VERSION = 1;
				DYLIB_INSTALL_NAME_BASE = "@rpath";
				INFOPLIST_FILE = MprHttp/Info.plist;
				INSTALL_PATH = "$(LOCAL_LIBRARY_DIR)/Frameworks";
				LD_RUNPATH_SEARCH_PATHS = "$(inherited) @executable_path/Frameworks @loader_path/Frameworks";
				PRODUCT_NAME = "$(TARGET_NAME)";
				SKIP_INSTALL = YES;
			};
			name = Release;
		};
		7E7361CB1B2A4B36007BD5EF /* Debug */ = {
			isa = XCBuildConfiguration;
			buildSettings = {
				FRAMEWORK_SEARCH_PATHS = (
					"$(SDKROOT)/Developer/Library/Frameworks",
					"$(inherited)",
					"$(PROJECT_DIR)/Carthage/Build/iOS",
				);
				GCC_PREPROCESSOR_DEFINITIONS = (
					"DEBUG=1",
					"$(inherited)",
				);
				INFOPLIST_FILE = MprHttpTests/Info.plist;
				LD_RUNPATH_SEARCH_PATHS = "$(inherited) @executable_path/Frameworks @loader_path/Frameworks";
				PRODUCT_NAME = "$(TARGET_NAME)";
			};
			name = Debug;
		};
		7E7361CC1B2A4B36007BD5EF /* Release */ = {
			isa = XCBuildConfiguration;
			buildSettings = {
				FRAMEWORK_SEARCH_PATHS = (
					"$(SDKROOT)/Developer/Library/Frameworks",
					"$(inherited)",
					"$(PROJECT_DIR)/Carthage/Build/iOS",
				);
				INFOPLIST_FILE = MprHttpTests/Info.plist;
				LD_RUNPATH_SEARCH_PATHS = "$(inherited) @executable_path/Frameworks @loader_path/Frameworks";
				PRODUCT_NAME = "$(TARGET_NAME)";
			};
			name = Release;
		};
/* End XCBuildConfiguration section */

/* Begin XCConfigurationList section */
		7E7361AB1B2A4B36007BD5EF /* Build configuration list for PBXProject "MprHttp" */ = {
			isa = XCConfigurationList;
			buildConfigurations = (
				7E7361C51B2A4B36007BD5EF /* Debug */,
				7E7361C61B2A4B36007BD5EF /* Release */,
			);
			defaultConfigurationIsVisible = 0;
			defaultConfigurationName = Release;
		};
		7E7361C71B2A4B36007BD5EF /* Build configuration list for PBXNativeTarget "MprHttp" */ = {
			isa = XCConfigurationList;
			buildConfigurations = (
				7E7361C81B2A4B36007BD5EF /* Debug */,
				7E7361C91B2A4B36007BD5EF /* Release */,
			);
			defaultConfigurationIsVisible = 0;
			defaultConfigurationName = Release;
		};
		7E7361CA1B2A4B36007BD5EF /* Build configuration list for PBXNativeTarget "MprHttpTests" */ = {
			isa = XCConfigurationList;
			buildConfigurations = (
				7E7361CB1B2A4B36007BD5EF /* Debug */,
				7E7361CC1B2A4B36007BD5EF /* Release */,
			);
			defaultConfigurationIsVisible = 0;
			defaultConfigurationName = Release;
		};
/* End XCConfigurationList section */
	};
	rootObject = 7E7361A81B2A4B36007BD5EF /* Project object */;
}
